
Microsoft Visual Studio Solution File, Format Version 12.00
# Visual Studio Version 17
VisualStudioVersion = 17.5.33516.290
MinimumVisualStudioVersion = 10.0.40219.1
Project("{FAE04EC0-301F-11D3-BF4B-00C04F79EFBC}") = "Sovereign", "Sovereign\Sovereign.csproj", "{67E4E7EA-7EA4-4B4F-9A2F-904899106A07}"
EndProject
Global
	GlobalSection(SolutionConfigurationPlatforms) = preSolution
		Debug|Any CPU = Debug|Any CPU
		Release|Any CPU = Release|Any CPU
	EndGlobalSection
	GlobalSection(ProjectConfigurationPlatforms) = postSolution
		{67E4E7EA-7EA4-4B4F-9A2F-904899106A07}.Debug|Any CPU.ActiveCfg = Debug|Any CPU
		{67E4E7EA-7EA4-4B4F-9A2F-904899106A07}.Debug|Any CPU.Build.0 = Debug|Any CPU
		{67E4E7EA-7EA4-4B4F-9A2F-904899106A07}.Release|Any CPU.ActiveCfg = Release|Any CPU
		{67E4E7EA-7EA4-4B4F-9A2F-904899106A07}.Release|Any CPU.Build.0 = Release|Any CPU
	EndGlobalSection
	GlobalSection(SolutionProperties) = preSolution
		HideSolutionNode = FALSE
	EndGlobalSection
	GlobalSection(ExtensibilityGlobals) = postSolution
		SolutionGuid = {3D04BEA5-DA98-4F76-8B9B-685D18268143}
	EndGlobalSection
EndGlobal
